
Microsoft Visual Studio Solution File, Format Version 12.00
# Visual Studio Version 17
VisualStudioVersion = 17.12.35527.113 d17.12
MinimumVisualStudioVersion = 10.0.40219.1
Project("{2150E333-8FDC-42A3-9474-1A3956D46DE8}") = "src", "src", "{30E14B3D-BBA5-4991-A67B-618F710DB706}"
EndProject
Project("{2150E333-8FDC-42A3-9474-1A3956D46DE8}") = "test", "test", "{307E8C72-A56C-4DCF-8712-97C3BAA213CD}"
EndProject
Project("{FAE04EC0-301F-11D3-BF4B-00C04F79EFBC}") = "PayMent.Orders.WebApi", "src\PayMent.Orders.WebApi\PayMent.Orders.WebApi.csproj", "{5406216E-E9F5-4AE8-9F65-FCEF648E2132}"
EndProject
Project("{FAE04EC0-301F-11D3-BF4B-00C04F79EFBC}") = "PayMents.Orders.Application", "src\PayMents.Orders.Application\PayMents.Orders.Application.csproj", "{CCC4F0B4-14F2-4A4D-870F-CCA43C142C92}"
EndProject
Project("{FAE04EC0-301F-11D3-BF4B-00C04F79EFBC}") = "PayMent.Orders.Domain", "src\PayMent.Orders.Domain\PayMent.Orders.Domain.csproj", "{F4EBBB29-ABA3-4293-B371-5DDA5EAC54A5}"
EndProject
Global
	GlobalSection(SolutionConfigurationPlatforms) = preSolution
		Debug|Any CPU = Debug|Any CPU
		Release|Any CPU = Release|Any CPU
	EndGlobalSection
	GlobalSection(ProjectConfigurationPlatforms) = postSolution
		{5406216E-E9F5-4AE8-9F65-FCEF648E2132}.Debug|Any CPU.ActiveCfg = Debug|Any CPU
		{5406216E-E9F5-4AE8-9F65-FCEF648E2132}.Debug|Any CPU.Build.0 = Debug|Any CPU
		{5406216E-E9F5-4AE8-9F65-FCEF648E2132}.Release|Any CPU.ActiveCfg = Release|Any CPU
		{5406216E-E9F5-4AE8-9F65-FCEF648E2132}.Release|Any CPU.Build.0 = Release|Any CPU
		{CCC4F0B4-14F2-4A4D-870F-CCA43C142C92}.Debug|Any CPU.ActiveCfg = Debug|Any CPU
		{CCC4F0B4-14F2-4A4D-870F-CCA43C142C92}.Debug|Any CPU.Build.0 = Debug|Any CPU
		{CCC4F0B4-14F2-4A4D-870F-CCA43C142C92}.Release|Any CPU.ActiveCfg = Release|Any CPU
		{CCC4F0B4-14F2-4A4D-870F-CCA43C142C92}.Release|Any CPU.Build.0 = Release|Any CPU
		{F4EBBB29-ABA3-4293-B371-5DDA5EAC54A5}.Debug|Any CPU.ActiveCfg = Debug|Any CPU
		{F4EBBB29-ABA3-4293-B371-5DDA5EAC54A5}.Debug|Any CPU.Build.0 = Debug|Any CPU
		{F4EBBB29-ABA3-4293-B371-5DDA5EAC54A5}.Release|Any CPU.ActiveCfg = Release|Any CPU
		{F4EBBB29-ABA3-4293-B371-5DDA5EAC54A5}.Release|Any CPU.Build.0 = Release|Any CPU
	EndGlobalSection
	GlobalSection(SolutionProperties) = preSolution
		HideSolutionNode = FALSE
	EndGlobalSection
	GlobalSection(NestedProjects) = preSolution
		{5406216E-E9F5-4AE8-9F65-FCEF648E2132} = {30E14B3D-BBA5-4991-A67B-618F710DB706}
		{CCC4F0B4-14F2-4A4D-870F-CCA43C142C92} = {30E14B3D-BBA5-4991-A67B-618F710DB706}
		{F4EBBB29-ABA3-4293-B371-5DDA5EAC54A5} = {30E14B3D-BBA5-4991-A67B-618F710DB706}
	EndGlobalSection
EndGlobal
